// !$*UTF8*$!
{
	archiveVersion = 1;
	classes = {
	};
	objectVersion = 50;
	objects = {

/* Begin PBXBuildFile section */
		29E0F92D253D96FF0004C0CE /* AppDelegate.swift in Sources */ = {isa = PBXBuildFile; fileRef = 29E0F92C253D96FF0004C0CE /* AppDelegate.swift */; };
		29E0F92F253D96FF0004C0CE /* SceneDelegate.swift in Sources */ = {isa = PBXBuildFile; fileRef = 29E0F92E253D96FF0004C0CE /* SceneDelegate.swift */; };
		29E0F931253D96FF0004C0CE /* ViewController.swift in Sources */ = {isa = PBXBuildFile; fileRef = 29E0F930253D96FF0004C0CE /* ViewController.swift */; };
		29E0F934253D96FF0004C0CE /* Main.storyboard in Resources */ = {isa = PBXBuildFile; fileRef = 29E0F932253D96FF0004C0CE /* Main.storyboard */; };
		29E0F936253D97020004C0CE /* Assets.xcassets in Resources */ = {isa = PBXBuildFile; fileRef = 29E0F935253D97020004C0CE /* Assets.xcassets */; };
		29E0F939253D97020004C0CE /* LaunchScreen.storyboard in Resources */ = {isa = PBXBuildFile; fileRef = 29E0F937253D97020004C0CE /* LaunchScreen.storyboard */; };
		29E0F941253D99AE0004C0CE /* containerViewController.swift in Sources */ = {isa = PBXBuildFile; fileRef = 29E0F940253D99AE0004C0CE /* containerViewController.swift */; };
/* End PBXBuildFile section */

/* Begin PBXFileReference section */
		29E0F929253D96FF0004C0CE /* sidemenu2.app */ = {isa = PBXFileReference; explicitFileType = wrapper.application; includeInIndex = 0; path = sidemenu2.app; sourceTree = BUILT_PRODUCTS_DIR; };
		29E0F92C253D96FF0004C0CE /* AppDelegate.swift */ = {isa = PBXFileReference; lastKnownFileType = sourcecode.swift; path = AppDelegate.swift; sourceTree = "<group>"; };
		29E0F92E253D96FF0004C0CE /* SceneDelegate.swift */ = {isa = PBXFileReference; lastKnownFileType = sourcecode.swift; path = SceneDelegate.swift; sourceTree = "<group>"; };
		29E0F930253D96FF0004C0CE /* ViewController.swift */ = {isa = PBXFileReference; lastKnownFileType = sourcecode.swift; path = ViewController.swift; sourceTree = "<group>"; };
		29E0F933253D96FF0004C0CE /* Base */ = {isa = PBXFileReference; lastKnownFileType = file.storyboard; name = Base; path = Base.lproj/Main.storyboard; sourceTree = "<group>"; };
		29E0F935253D97020004C0CE /* Assets.xcassets */ = {isa = PBXFileReference; lastKnownFileType = folder.assetcatalog; path = Assets.xcassets; sourceTree = "<group>"; };
		29E0F938253D97020004C0CE /* Base */ = {isa = PBXFileReference; lastKnownFileType = file.storyboard; name = Base; path = Base.lproj/LaunchScreen.storyboard; sourceTree = "<group>"; };
		29E0F93A253D97020004C0CE /* Info.plist */ = {isa = PBXFileReference; lastKnownFileType = text.plist.xml; path = Info.plist; sourceTree = "<group>"; };
		29E0F940253D99AE0004C0CE /* containerViewController.swift */ = {isa = PBXFileReference; lastKnownFileType = sourcecode.swift; path = containerViewController.swift; sourceTree = "<group>"; };
/* End PBXFileReference section */

/* Begin PBXFrameworksBuildPhase section */
		29E0F926253D96FF0004C0CE /* Frameworks */ = {
			isa = PBXFrameworksBuildPhase;
			buildActionMask = 2147483647;
			files = (
			);
			runOnlyForDeploymentPostprocessing = 0;
		};
/* End PBXFrameworksBuildPhase section */

/* Begin PBXGroup section */
		29E0F920253D96FF0004C0CE = {
			isa = PBXGroup;
			children = (
				29E0F92B253D96FF0004C0CE /* sidemenu2 */,
				29E0F92A253D96FF0004C0CE /* Products */,
			);
			sourceTree = "<group>";
		};
		29E0F92A253D96FF0004C0CE /* Products */ = {
			isa = PBXGroup;
			children = (
				29E0F929253D96FF0004C0CE /* sidemenu2.app */,
			);
			name = Products;
			sourceTree = "<group>";
		};
		29E0F92B253D96FF0004C0CE /* sidemenu2 */ = {
			isa = PBXGroup;
			children = (
				29E0F92C253D96FF0004C0CE /* AppDelegate.swift */,
				29E0F92E253D96FF0004C0CE /* SceneDelegate.swift */,
				29E0F930253D96FF0004C0CE /* ViewController.swift */,
				29E0F940253D99AE0004C0CE /* containerViewController.swift */,
				29E0F932253D96FF0004C0CE /* Main.storyboard */,
				29E0F935253D97020004C0CE /* Assets.xcassets */,
				29E0F937253D97020004C0CE /* LaunchScreen.storyboard */,
				29E0F93A253D97020004C0CE /* Info.plist */,
			);
			path = sidemenu2;
			sourceTree = "<group>";
		};
/* End PBXGroup section */

/* Begin PBXNativeTarget section */
		29E0F928253D96FF0004C0CE /* sidemenu2 */ = {
			isa = PBXNativeTarget;
			buildConfigurationList = 29E0F93D253D97020004C0CE /* Build configuration list for PBXNativeTarget "sidemenu2" */;
			buildPhases = (
				29E0F925253D96FF0004C0CE /* Sources */,
				29E0F926253D96FF0004C0CE /* Frameworks */,
				29E0F927253D96FF0004C0CE /* Resources */,
			);
			buildRules = (
			);
			dependencies = (
			);
			name = sidemenu2;
			productName = sidemenu2;
			productReference = 29E0F929253D96FF0004C0CE /* sidemenu2.app */;
			productType = "com.apple.product-type.application";
		};
/* End PBXNativeTarget section */

/* Begin PBXProject section */
		29E0F921253D96FF0004C0CE /* Project object */ = {
			isa = PBXProject;
			attributes = {
				LastSwiftUpdateCheck = 1100;
				LastUpgradeCheck = 1100;
				ORGANIZATIONNAME = Amira;
				TargetAttributes = {
					29E0F928253D96FF0004C0CE = {
						CreatedOnToolsVersion = 11.0;
					};
				};
			};
			buildConfigurationList = 29E0F924253D96FF0004C0CE /* Build configuration list for PBXProject "sidemenu2" */;
			compatibilityVersion = "Xcode 9.3";
			developmentRegion = en;
			hasScannedForEncodings = 0;
			knownRegions = (
				en,
				Base,
			);
			mainGroup = 29E0F920253D96FF0004C0CE;
			productRefGroup = 29E0F92A253D96FF0004C0CE /* Products */;
			projectDirPath = "";
			projectRoot = "";
			targets = (
				29E0F928253D96FF0004C0CE /* sidemenu2 */,
			);
		};
/* End PBXProject section */

/* Begin PBXResourcesBuildPhase section */
		29E0F927253D96FF0004C0CE /* Resources */ = {
			isa = PBXResourcesBuildPhase;
			buildActionMask = 2147483647;
			files = (
				29E0F939253D97020004C0CE /* LaunchScreen.storyboard in Resources */,
				29E0F936253D97020004C0CE /* Assets.xcassets in Resources */,
				29E0F934253D96FF0004C0CE /* Main.storyboard in Resources */,
			);
			runOnlyForDeploymentPostprocessing = 0;
		};
/* End PBXResourcesBuildPhase section */

/* Begin PBXSourcesBuildPhase section */
		29E0F925253D96FF0004C0CE /* Sources */ = {
			isa = PBXSourcesBuildPhase;
			buildActionMask = 2147483647;
			files = (
				29E0F931253D96FF0004C0CE /* ViewController.swift in Sources */,
				29E0F92D253D96FF0004C0CE /* AppDelegate.swift in Sources */,
				29E0F941253D99AE0004C0CE /* containerViewController.swift in Sources */,
				29E0F92F253D96FF0004C0CE /* SceneDelegate.swift in Sources */,
			);
			runOnlyForDeploymentPostprocessing = 0;
		};
/* End PBXSourcesBuildPhase section */

/* Begin PBXVariantGroup section */
		29E0F932253D96FF0004C0CE /* Main.storyboard */ = {
			isa = PBXVariantGroup;
			children = (
				29E0F933253D96FF0004C0CE /* Base */,
			);
			name = Main.storyboard;
			sourceTree = "<group>";
		};
		29E0F937253D97020004C0CE /* LaunchScreen.storyboard */ = {
			isa = PBXVariantGroup;
			children = (
				29E0F938253D97020004C0CE /* Base */,
			);
			name = LaunchScreen.storyboard;
			sourceTree = "<group>";
		};
/* End PBXVariantGroup section */

/* Begin XCBuildConfiguration section */
		29E0F93B253D97020004C0CE /* Debug */ = {
			isa = XCBuildConfiguration;
			buildSettings = {
				ALWAYS_SEARCH_USER_PATHS = NO;
				CLANG_ANALYZER_NONNULL = YES;
				CLANG_ANALYZER_NUMBER_OBJECT_CONVERSION = YES_AGGRESSIVE;
				CLANG_CXX_LANGUAGE_STANDARD = "gnu++14";
				CLANG_CXX_LIBRARY = "libc++";
				CLANG_ENABLE_MODULES = YES;
				CLANG_ENABLE_OBJC_ARC = YES;
				CLANG_ENABLE_OBJC_WEAK = YES;
				CLANG_WARN_BLOCK_CAPTURE_AUTORELEASING = YES;
				CLANG_WARN_BOOL_CONVERSION = YES;
				CLANG_WARN_COMMA = YES;
				CLANG_WARN_CONSTANT_CONVERSION = YES;
				CLANG_WARN_DEPRECATED_OBJC_IMPLEMENTATIONS = YES;
				CLANG_WARN_DIRECT_OBJC_ISA_USAGE = YES_ERROR;
				CLANG_WARN_DOCUMENTATION_COMMENTS = YES;
				CLANG_WARN_EMPTY_BODY = YES;
				CLANG_WARN_ENUM_CONVERSION = YES;
				CLANG_WARN_INFINITE_RECURSION = YES;
				CLANG_WARN_INT_CONVERSION = YES;
				CLANG_WARN_NON_LITERAL_NULL_CONVERSION = YES;
				CLANG_WARN_OBJC_IMPLICIT_RETAIN_SELF = YES;
				CLANG_WARN_OBJC_LITERAL_CONVERSION = YES;
				CLANG_WARN_OBJC_ROOT_CLASS = YES_ERROR;
				CLANG_WARN_RANGE_LOOP_ANALYSIS = YES;
				CLANG_WARN_STRICT_PROTOTYPES = YES;
				CLANG_WARN_SUSPICIOUS_MOVE = YES;
				CLANG_WARN_UNGUARDED_AVAILABILITY = YES_AGGRESSIVE;
				CLANG_WARN_UNREACHABLE_CODE = YES;
				CLANG_WARN__DUPLICATE_METHOD_MATCH = YES;
				COPY_PHASE_STRIP = NO;
				DEBUG_INFORMATION_FORMAT = dwarf;
				ENABLE_STRICT_OBJC_MSGSEND = YES;
				ENABLE_TESTABILITY = YES;
				GCC_C_LANGUAGE_STANDARD = gnu11;
				GCC_DYNAMIC_NO_PIC = NO;
				GCC_NO_COMMON_BLOCKS = YES;
				GCC_OPTIMIZATION_LEVEL = 0;
				GCC_PREPROCESSOR_DEFINITIONS = (
					"DEBUG=1",
					"$(inherited)",
				);
				GCC_WARN_64_TO_32_BIT_CONVERSION = YES;
				GCC_WARN_ABOUT_RETURN_TYPE = YES_ERROR;
				GCC_WARN_UNDECLARED_SELECTOR = YES;
				GCC_WARN_UNINITIALIZED_AUTOS = YES_AGGRESSIVE;
				GCC_WARN_UNUSED_FUNCTION = YES;
				GCC_WARN_UNUSED_VARIABLE = YES;
				IPHONEOS_DEPLOYMENT_TARGET = 13.0;
				MTL_ENABLE_DEBUG_INFO = INCLUDE_SOURCE;
				MTL_FAST_MATH = YES;
				ONLY_ACTIVE_ARCH = YES;
				SDKROOT = iphoneos;
				SWIFT_ACTIVE_COMPILATION_CONDITIONS = DEBUG;
				SWIFT_OPTIMIZATION_LEVEL = "-Onone";
			};
			name = Debug;
		};
		29E0F93C253D97020004C0CE /* Release */ = {
			isa = XCBuildConfiguration;
			buildSettings = {
				ALWAYS_SEARCH_USER_PATHS = NO;
				CLANG_ANALYZER_NONNULL = YES;
				CLANG_ANALYZER_NUMBER_OBJECT_CONVERSION = YES_AGGRESSIVE;
				CLANG_CXX_LANGUAGE_STANDARD = "gnu++14";
				CLANG_CXX_LIBRARY = "libc++";
				CLANG_ENABLE_MODULES = YES;
				CLANG_ENABLE_OBJC_ARC = YES;
				CLANG_ENABLE_OBJC_WEAK = YES;
				CLANG_WARN_BLOCK_CAPTURE_AUTORELEASING = YES;
				CLANG_WARN_BOOL_CONVERSION = YES;
				CLANG_WARN_COMMA = YES;
				CLANG_WARN_CONSTANT_CONVERSION = YES;
				CLANG_WARN_DEPRECATED_OBJC_IMPLEMENTATIONS = YES;
				CLANG_WARN_DIRECT_OBJC_ISA_USAGE = YES_ERROR;
				CLANG_WARN_DOCUMENTATION_COMMENTS = YES;
				CLANG_WARN_EMPTY_BODY = YES;
				CLANG_WARN_ENUM_CONVERSION = YES;
				CLANG_WARN_INFINITE_RECURSION = YES;
				CLANG_WARN_INT_CONVERSION = YES;
				CLANG_WARN_NON_LITERAL_NULL_CONVERSION = YES;
				CLANG_WARN_OBJC_IMPLICIT_RETAIN_SELF = YES;
				CLANG_WARN_OBJC_LITERAL_CONVERSION = YES;
				CLANG_WARN_OBJC_ROOT_CLASS = YES_ERROR;
				CLANG_WARN_RANGE_LOOP_ANALYSIS = YES;
				CLANG_WARN_STRICT_PROTOTYPES = YES;
				CLANG_WARN_SUSPICIOUS_MOVE = YES;
				CLANG_WARN_UNGUARDED_AVAILABILITY = YES_AGGRESSIVE;
				CLANG_WARN_UNREACHABLE_CODE = YES;
				CLANG_WARN__DUPLICATE_METHOD_MATCH = YES;
				COPY_PHASE_STRIP = NO;
				DEBUG_INFORMATION_FORMAT = "dwarf-with-dsym";
				ENABLE_NS_ASSERTIONS = NO;
				ENABLE_STRICT_OBJC_MSGSEND = YES;
				GCC_C_LANGUAGE_STANDARD = gnu11;
				GCC_NO_COMMON_BLOCKS = YES;
				GCC_WARN_64_TO_32_BIT_CONVERSION = YES;
				GCC_WARN_ABOUT_RETURN_TYPE = YES_ERROR;
				GCC_WARN_UNDECLARED_SELECTOR = YES;
				GCC_WARN_UNINITIALIZED_AUTOS = YES_AGGRESSIVE;
				GCC_WARN_UNUSED_FUNCTION = YES;
				GCC_WARN_UNUSED_VARIABLE = YES;
				IPHONEOS_DEPLOYMENT_TARGET = 13.0;
				MTL_ENABLE_DEBUG_INFO = NO;
				MTL_FAST_MATH = YES;
				SDKROOT = iphoneos;
				SWIFT_COMPILATION_MODE = wholemodule;
				SWIFT_OPTIMIZATION_LEVEL = "-O";
				VALIDATE_PRODUCT = YES;
			};
			name = Release;
		};
		29E0F93E253D97020004C0CE /* Debug */ = {
			isa = XCBuildConfiguration;
			buildSettings = {
				ASSETCATALOG_COMPILER_APPICON_NAME = AppIcon;
				CODE_SIGN_STYLE = Automatic;
				INFOPLIST_FILE = sidemenu2/Info.plist;
				LD_RUNPATH_SEARCH_PATHS = (
					"$(inherited)",
					"@executable_path/Frameworks",
				);
				PRODUCT_BUNDLE_IDENTIFIER = "Frist-project.sidemenu2";
				PRODUCT_NAME = "$(TARGET_NAME)";
				SWIFT_VERSION = 5.0;
				TARGETED_DEVICE_FAMILY = "1,2";
			};
			name = Debug;
		};
		29E0F93F253D97020004C0CE /* Release */ = {
			isa = XCBuildConfiguration;
			buildSettings = {
				ASSETCATALOG_COMPILER_APPICON_NAME = AppIcon;
				CODE_SIGN_STYLE = Automatic;
				INFOPLIST_FILE = sidemenu2/Info.plist;
				LD_RUNPATH_SEARCH_PATHS = (
					"$(inherited)",
					"@executable_path/Frameworks",
				);
				PRODUCT_BUNDLE_IDENTIFIER = "Frist-project.sidemenu2";
				PRODUCT_NAME = "$(TARGET_NAME)";
				SWIFT_VERSION = 5.0;
				TARGETED_DEVICE_FAMILY = "1,2";
			};
			name = Release;
		};
/* End XCBuildConfiguration section */

/* Begin XCConfigurationList section */
		29E0F924253D96FF0004C0CE /* Build configuration list for PBXProject "sidemenu2" */ = {
			isa = XCConfigurationList;
			buildConfigurations = (
				29E0F93B253D97020004C0CE /* Debug */,
				29E0F93C253D97020004C0CE /* Release */,
			);
			defaultConfigurationIsVisible = 0;
			defaultConfigurationName = Release;
		};
		29E0F93D253D97020004C0CE /* Build configuration list for PBXNativeTarget "sidemenu2" */ = {
			isa = XCConfigurationList;
			buildConfigurations = (
				29E0F93E253D97020004C0CE /* Debug */,
				29E0F93F253D97020004C0CE /* Release */,
			);
			defaultConfigurationIsVisible = 0;
			defaultConfigurationName = Release;
		};
/* End XCConfigurationList section */
	};
	rootObject = 29E0F921253D96FF0004C0CE /* Project object */;
}
